PODS:
  - Masonry (1.1.0)
  - STMTestFramework (1.1.2):
    - STMTestFramework/iphoneos (= 1.1.2)
  - STMTestFramework/iphoneos (1.1.2)

DEPENDENCIES:
  - Masonry (= 1.1.0)
  - STMTestFramework (from `../`)

EXTERNAL SOURCES:
  STMTestFramework:
    :path: ../

SPEC CHECKSUMS:
  Masonry: 678fab65091a9290e40e2832a55e7ab731aad201
  STMTestFramework: 83c7fb30df23ffed7907e293fbad49531a2db62f

PODFILE CHECKSUM: c5eb117de58f566cb52534792c35858ee1b405fa

COCOAPODS: 1.4.0
